
Microsoft Visual Studio Solution File, Format Version 12.00
# Visual Studio Version 16
VisualStudioVersion = 16.0.30611.23
MinimumVisualStudioVersion = 10.0.40219.1
Project("{FAE04EC0-301F-11D3-BF4B-00C04F79EFBC}") = "WorkTest", "WorkTest.csproj", "{F782BA6F-56AD-472B-8541-DDC08D7CD066}"
EndProject
Global
	GlobalSection(SolutionConfigurationPlatforms) = preSolution
		Debug|Any CPU = Debug|Any CPU
		Release|Any CPU = Release|Any CPU
	EndGlobalSection
	GlobalSection(ProjectConfigurationPlatforms) = postSolution
		{F782BA6F-56AD-472B-8541-DDC08D7CD066}.Debug|Any CPU.ActiveCfg = Debug|Any CPU
		{F782BA6F-56AD-472B-8541-DDC08D7CD066}.Debug|Any CPU.Build.0 = Debug|Any CPU
		{F782BA6F-56AD-472B-8541-DDC08D7CD066}.Release|Any CPU.ActiveCfg = Release|Any CPU
		{F782BA6F-56AD-472B-8541-DDC08D7CD066}.Release|Any CPU.Build.0 = Release|Any CPU
	EndGlobalSection
	GlobalSection(SolutionProperties) = preSolution
		HideSolutionNode = FALSE
	EndGlobalSection
	GlobalSection(ExtensibilityGlobals) = postSolution
		SolutionGuid = {01FCEE23-B3B1-4145-A7B9-729D3F97A83E}
	EndGlobalSection
EndGlobal
